
Microsoft Visual Studio Solution File, Format Version 12.00
# Visual Studio Version 17
VisualStudioVersion = 17.11.35327.3
MinimumVisualStudioVersion = 10.0.40219.1
Project("{FAE04EC0-301F-11D3-BF4B-00C04F79EFBC}") = "MVCApp1", "MVCApp1.csproj", "{EB2180F3-3ACE-4C71-BEE0-D3AEEDBC1D7E}"
EndProject
Global
	GlobalSection(SolutionConfigurationPlatforms) = preSolution
		Debug|Any CPU = Debug|Any CPU
		Release|Any CPU = Release|Any CPU
	EndGlobalSection
	GlobalSection(ProjectConfigurationPlatforms) = postSolution
		{EB2180F3-3ACE-4C71-BEE0-D3AEEDBC1D7E}.Debug|Any CPU.ActiveCfg = Debug|Any CPU
		{EB2180F3-3ACE-4C71-BEE0-D3AEEDBC1D7E}.Debug|Any CPU.Build.0 = Debug|Any CPU
		{EB2180F3-3ACE-4C71-BEE0-D3AEEDBC1D7E}.Release|Any CPU.ActiveCfg = Release|Any CPU
		{EB2180F3-3ACE-4C71-BEE0-D3AEEDBC1D7E}.Release|Any CPU.Build.0 = Release|Any CPU
	EndGlobalSection
	GlobalSection(SolutionProperties) = preSolution
		HideSolutionNode = FALSE
	EndGlobalSection
	GlobalSection(ExtensibilityGlobals) = postSolution
		SolutionGuid = {1862CB9A-2632-4CAF-AC81-309AA77233A3}
	EndGlobalSection
EndGlobal
